
Microsoft Visual Studio Solution File, Format Version 12.00
Project("{FAE04EC0-301F-11D3-BF4B-00C04F79EFBC}") = "MVCTestProject", "MVCTestProject\MVCTestProject.csproj", "{DF33BFE4-3E32-48B3-AD2C-54E2A9E17231}"
EndProject
Global
	GlobalSection(SolutionConfigurationPlatforms) = preSolution
		Debug|Any CPU = Debug|Any CPU
		Release|Any CPU = Release|Any CPU
	EndGlobalSection
	GlobalSection(ProjectConfigurationPlatforms) = postSolution
		{DF33BFE4-3E32-48B3-AD2C-54E2A9E17231}.Debug|Any CPU.ActiveCfg = Debug|Any CPU
		{DF33BFE4-3E32-48B3-AD2C-54E2A9E17231}.Debug|Any CPU.Build.0 = Debug|Any CPU
		{DF33BFE4-3E32-48B3-AD2C-54E2A9E17231}.Release|Any CPU.ActiveCfg = Release|Any CPU
		{DF33BFE4-3E32-48B3-AD2C-54E2A9E17231}.Release|Any CPU.Build.0 = Release|Any CPU
	EndGlobalSection
EndGlobal
